
Microsoft Visual Studio Solution File, Format Version 12.00
Project("{FAE04EC0-301F-11D3-BF4B-00C04F79EFBC}") = "ChatProgram", "ChatProgram\ChatProgram.csproj", "{C3B9C031-5C19-4949-939F-014A2930199E}"
EndProject
Project("{FAE04EC0-301F-11D3-BF4B-00C04F79EFBC}") = "ChatLib", "ChatLib\ChatLib.csproj", "{EB749906-3DB1-41A0-8BB9-E19BEB4542F5}"
EndProject
Global
	GlobalSection(SolutionConfigurationPlatforms) = preSolution
		Debug|Any CPU = Debug|Any CPU
		Release|Any CPU = Release|Any CPU
	EndGlobalSection
	GlobalSection(ProjectConfigurationPlatforms) = postSolution
		{C3B9C031-5C19-4949-939F-014A2930199E}.Debug|Any CPU.ActiveCfg = Debug|Any CPU
		{C3B9C031-5C19-4949-939F-014A2930199E}.Debug|Any CPU.Build.0 = Debug|Any CPU
		{C3B9C031-5C19-4949-939F-014A2930199E}.Release|Any CPU.ActiveCfg = Release|Any CPU
		{C3B9C031-5C19-4949-939F-014A2930199E}.Release|Any CPU.Build.0 = Release|Any CPU
		{EB749906-3DB1-41A0-8BB9-E19BEB4542F5}.Debug|Any CPU.ActiveCfg = Debug|Any CPU
		{EB749906-3DB1-41A0-8BB9-E19BEB4542F5}.Debug|Any CPU.Build.0 = Debug|Any CPU
		{EB749906-3DB1-41A0-8BB9-E19BEB4542F5}.Release|Any CPU.ActiveCfg = Release|Any CPU
		{EB749906-3DB1-41A0-8BB9-E19BEB4542F5}.Release|Any CPU.Build.0 = Release|Any CPU
	EndGlobalSection
EndGlobal
